
Microsoft Visual Studio Solution File, Format Version 12.00
# Visual Studio Version 16
VisualStudioVersion = 16.0.30907.101
MinimumVisualStudioVersion = 10.0.40219.1
Project("{8BC9CEB8-8B4A-11D0-8D11-00A0C91BC942}") = "W5_Lecture_2", "W5_Lecture_2.vcxproj", "{70BDD7CF-726B-4883-A3CA-1A6FA31F2954}"
EndProject
Global
	GlobalSection(SolutionConfigurationPlatforms) = preSolution
		Debug|x64 = Debug|x64
		Debug|x86 = Debug|x86
		Release|x64 = Release|x64
		Release|x86 = Release|x86
	EndGlobalSection
	GlobalSection(ProjectConfigurationPlatforms) = postSolution
		{70BDD7CF-726B-4883-A3CA-1A6FA31F2954}.Debug|x64.ActiveCfg = Debug|x64
		{70BDD7CF-726B-4883-A3CA-1A6FA31F2954}.Debug|x64.Build.0 = Debug|x64
		{70BDD7CF-726B-4883-A3CA-1A6FA31F2954}.Debug|x86.ActiveCfg = Debug|Win32
		{70BDD7CF-726B-4883-A3CA-1A6FA31F2954}.Debug|x86.Build.0 = Debug|Win32
		{70BDD7CF-726B-4883-A3CA-1A6FA31F2954}.Release|x64.ActiveCfg = Release|x64
		{70BDD7CF-726B-4883-A3CA-1A6FA31F2954}.Release|x64.Build.0 = Release|x64
		{70BDD7CF-726B-4883-A3CA-1A6FA31F2954}.Release|x86.ActiveCfg = Release|Win32
		{70BDD7CF-726B-4883-A3CA-1A6FA31F2954}.Release|x86.Build.0 = Release|Win32
	EndGlobalSection
	GlobalSection(SolutionProperties) = preSolution
		HideSolutionNode = FALSE
	EndGlobalSection
	GlobalSection(ExtensibilityGlobals) = postSolution
		SolutionGuid = {77CBA78B-6A0C-4B93-8495-95882BA34D87}
	EndGlobalSection
EndGlobal
